{
  "version": 4,
  "terraform_version": "0.12.18",
  "serial": 41,
  "lineage": "26d3587d-609b-2bfc-c6ca-b49a9109f5de",
  "outputs": {},
  "resources": [
    {
      "mode": "managed",
      "type": "docker_container",
      "name": "puppet-client",
      "provider": "provider.docker",
      "instances": [
        {
          "schema_version": 1,
          "attributes": {
            "attach": false,
            "bridge": "",
            "capabilities": [],
            "command": null,
            "container_logs": null,
            "cpu_set": null,
            "cpu_shares": null,
            "destroy_grace_seconds": null,
            "devices": [],
            "dns": null,
            "dns_opts": null,
            "dns_search": null,
            "domainname": null,
            "entrypoint": null,
            "env": null,
            "exit_code": null,
            "gateway": "172.19.0.1",
            "group_add": null,
            "healthcheck": [],
            "host": [],
            "hostname": "puppet-client",
            "id": "14abc73a3e6efdf90dd538810271f9593143afb116ec31823e5293929a51ae04",
            "image": "sha256:7698f282e5242af2b9d2291458d4e425c75b25b0008c1e058d66b717b4c06fa9",
            "ip_address": "172.19.0.2",
            "ip_prefix_length": 16,
            "ipc_mode": null,
            "labels": null,
            "links": null,
            "log_driver": "json-file",
            "log_opts": null,
            "logs": false,
            "max_retry_count": null,
            "memory": null,
            "memory_swap": null,
            "mounts": [],
            "must_run": true,
            "name": "puppet-client",
            "network_alias": null,
            "network_data": [
              {
                "gateway": "172.19.0.1",
                "ip_address": "172.19.0.2",
                "ip_prefix_length": 16,
                "network_name": "my_network"
              }
            ],
            "network_mode": null,
            "networks": [
              "my_network"
            ],
            "networks_advanced": [],
            "pid_mode": null,
            "ports": [],
            "privileged": null,
            "publish_all_ports": null,
            "read_only": false,
            "restart": "on-failure",
            "rm": false,
            "shm_size": null,
            "start": true,
            "sysctls": null,
            "tmpfs": null,
            "ulimit": [],
            "upload": [],
            "user": null,
            "userns_mode": null,
            "volumes": [],
            "working_dir": null
          },
          "private": "eyJzY2hlbWFfdmVyc2lvbiI6IjEifQ==",
          "dependencies": [
            "docker_image.puppet-client",
            "docker_network.private_network"
          ]
        }
      ]
    },
    {
      "mode": "managed",
      "type": "docker_container",
      "name": "server-puppet",
      "provider": "provider.docker",
      "instances": [
        {
          "schema_version": 1,
          "attributes": {
            "attach": false,
            "bridge": "",
            "capabilities": [],
            "command": null,
            "container_logs": null,
            "cpu_set": null,
            "cpu_shares": null,
            "destroy_grace_seconds": null,
            "devices": [],
            "dns": null,
            "dns_opts": null,
            "dns_search": null,
            "domainname": null,
            "entrypoint": null,
            "env": null,
            "exit_code": null,
            "gateway": "172.19.0.1",
            "group_add": null,
            "healthcheck": [],
            "host": [],
            "hostname": "server-puppet",
            "id": "0be51330ee1ca73344f6cdf6c956bdb94ab25d56faf88179005643fa5558b11e",
            "image": "sha256:4b0d91ef33276014cbee9cff1d50fd05aaaae278ed5c3d214b3c18d3a10dc99b",
            "ip_address": "172.19.0.2",
            "ip_prefix_length": 16,
            "ipc_mode": null,
            "labels": null,
            "links": null,
            "log_driver": "json-file",
            "log_opts": null,
            "logs": false,
            "max_retry_count": null,
            "memory": null,
            "memory_swap": null,
            "mounts": [],
            "must_run": true,
            "name": "server-puppet",
            "network_alias": null,
            "network_data": [
              {
                "gateway": "172.19.0.1",
                "ip_address": "172.19.0.2",
                "ip_prefix_length": 16,
                "network_name": "my_network"
              }
            ],
            "network_mode": null,
            "networks": [
              "my_network"
            ],
            "networks_advanced": [],
            "pid_mode": null,
            "ports": [],
            "privileged": null,
            "publish_all_ports": null,
            "read_only": false,
            "restart": "on-failure",
            "rm": false,
            "shm_size": null,
            "start": true,
            "sysctls": null,
            "tmpfs": null,
            "ulimit": [],
            "upload": [],
            "user": null,
            "userns_mode": null,
            "volumes": [],
            "working_dir": null
          },
          "private": "eyJzY2hlbWFfdmVyc2lvbiI6IjEifQ==",
          "dependencies": [
            "docker_image.server-puppet",
            "docker_network.private_network"
          ]
        }
      ]
    },
    {
      "mode": "managed",
      "type": "docker_image",
      "name": "puppet-client",
      "provider": "provider.docker",
      "instances": [
        {
          "schema_version": 0,
          "attributes": {
            "id": "sha256:7698f282e5242af2b9d2291458d4e425c75b25b0008c1e058d66b717b4c06fa9ubuntu:latest",
            "keep_locally": null,
            "latest": "sha256:7698f282e5242af2b9d2291458d4e425c75b25b0008c1e058d66b717b4c06fa9",
            "name": "ubuntu:latest",
            "pull_trigger": null,
            "pull_triggers": null
          }
        }
      ]
    },
    {
      "mode": "managed",
      "type": "docker_image",
      "name": "puppet-server",
      "provider": "provider.docker",
      "instances": [
        {
          "schema_version": 0,
          "attributes": {
            "id": "sha256:4b0d91ef33276014cbee9cff1d50fd05aaaae278ed5c3d214b3c18d3a10dc99bpuppet/puppetserver",
            "keep_locally": null,
            "latest": "sha256:4b0d91ef33276014cbee9cff1d50fd05aaaae278ed5c3d214b3c18d3a10dc99b",
            "name": "puppet/puppetserver",
            "pull_trigger": null,
            "pull_triggers": null
          },
          "private": "bnVsbA=="
        }
      ]
    },
    {
      "mode": "managed",
      "type": "docker_image",
      "name": "server-puppet",
      "provider": "provider.docker",
      "instances": [
        {
          "schema_version": 0,
          "attributes": {
            "id": "sha256:4b0d91ef33276014cbee9cff1d50fd05aaaae278ed5c3d214b3c18d3a10dc99bpuppet/puppetserver:latest",
            "keep_locally": null,
            "latest": "sha256:4b0d91ef33276014cbee9cff1d50fd05aaaae278ed5c3d214b3c18d3a10dc99b",
            "name": "puppet/puppetserver:latest",
            "pull_trigger": null,
            "pull_triggers": null
          },
          "private": "bnVsbA=="
        }
      ]
    },
    {
      "mode": "managed",
      "type": "docker_network",
      "name": "private_network",
      "provider": "provider.docker",
      "instances": [
        {
          "schema_version": 0,
          "attributes": {
            "attachable": false,
            "check_duplicate": null,
            "driver": "bridge",
            "id": "dab464b9227a66250b6a153ba56dfc75b96707364c850f6887ad773ecfa88578",
            "ingress": false,
            "internal": false,
            "ipam_config": [
              {
                "aux_address": {},
                "gateway": "172.19.0.1",
                "ip_range": "",
                "subnet": "172.19.0.0/16"
              }
            ],
            "ipam_driver": "default",
            "ipv6": false,
            "labels": null,
            "name": "my_network",
            "options": {},
            "scope": "local"
          },
          "private": "bnVsbA=="
        }
      ]
    }
  ]
}
